
Microsoft Visual Studio Solution File, Format Version 12.00
# Visual Studio Version 17
VisualStudioVersion = 17.2.32516.85
MinimumVisualStudioVersion = 10.0.40219.1
Project("{9A19103F-16F7-4668-BE54-9A1E7A4F7556}") = "CINE-BackEnd", "CINE-BackEnd\CINE-BackEnd.csproj", "{EC814AE5-E8AE-4FB3-B179-ED5A1458B5D1}"
EndProject
Global
	GlobalSection(SolutionConfigurationPlatforms) = preSolution
		Debug|Any CPU = Debug|Any CPU
		Release|Any CPU = Release|Any CPU
	EndGlobalSection
	GlobalSection(ProjectConfigurationPlatforms) = postSolution
		{EC814AE5-E8AE-4FB3-B179-ED5A1458B5D1}.Debug|Any CPU.ActiveCfg = Debug|Any CPU
		{EC814AE5-E8AE-4FB3-B179-ED5A1458B5D1}.Debug|Any CPU.Build.0 = Debug|Any CPU
		{EC814AE5-E8AE-4FB3-B179-ED5A1458B5D1}.Release|Any CPU.ActiveCfg = Release|Any CPU
		{EC814AE5-E8AE-4FB3-B179-ED5A1458B5D1}.Release|Any CPU.Build.0 = Release|Any CPU
	EndGlobalSection
	GlobalSection(SolutionProperties) = preSolution
		HideSolutionNode = FALSE
	EndGlobalSection
	GlobalSection(ExtensibilityGlobals) = postSolution
		SolutionGuid = {C0C084C2-5D98-423D-8DAD-3BF11DAEEB9A}
	EndGlobalSection
EndGlobal
